{
  "nodes": {
    "homeManager": {
      "inputs": {
        "nixpkgs": [
          "nixpkgs"
        ]
      },
      "locked": {
        "lastModified": 1720042825,
        "narHash": "sha256-A0vrUB6x82/jvf17qPCpxaM+ulJnD8YZwH9Ci0BsAzE=",
        "owner": "nix-community",
        "repo": "home-manager",
        "rev": "e1391fb22e18a36f57e6999c7a9f966dc80ac073",
        "type": "github"
      },
      "original": {
        "owner": "nix-community",
        "ref": "release-24.05",
        "repo": "home-manager",
        "type": "github"
      }
    },
    "nix-darwin": {
      "inputs": {
        "nixpkgs": [
          "nixpkgs"
        ]
      },
      "locked": {
        "lastModified": 1724219898,
        "narHash": "sha256-7PwlnEQDIbww8+nk0CHLeYTYMA23F/CkynHsX7Mxk+s=",
        "owner": "LnL7",
        "repo": "nix-darwin",
        "rev": "d6703b988728b89456b32bac242c8689902e5a5b",
        "type": "github"
      },
      "original": {
        "owner": "LnL7",
        "repo": "nix-darwin",
        "type": "github"
      }
    },
    "nixpkgs": {
      "locked": {
        "lastModified": 1724196396,
        "narHash": "sha256-4GoGPErR0RM5r5x+LMnzZvxTdn11lCRO+z8wP3K3PyU=",
        "owner": "NixOS",
        "repo": "nixpkgs",
        "rev": "1c5f849214c6c03c47e684622306aad181c107a4",
        "type": "github"
      },
      "original": {
        "owner": "NixOS",
        "ref": "nixpkgs-24.05-darwin",
        "repo": "nixpkgs",
        "type": "github"
      }
    },
    "root": {
      "inputs": {
        "homeManager": "homeManager",
        "nix-darwin": "nix-darwin",
        "nixpkgs": "nixpkgs",
        "unstable": "unstable"
      }
    },
    "unstable": {
      "locked": {
        "lastModified": 1724177844,
        "narHash": "sha256-G7Mf9uN9m8FimeP3eMHu/dOC4QS8QAzo0h4ZIlDHcCA=",
        "owner": "NixOS",
        "repo": "nixpkgs",
        "rev": "d13fa5a45a34e7c8be33474f58003914430bdc5a",
        "type": "github"
      },
      "original": {
        "owner": "NixOS",
        "ref": "nixpkgs-unstable",
        "repo": "nixpkgs",
        "type": "github"
      }
    }
  },
  "root": "root",
  "version": 7
}
